
Microsoft Visual Studio Solution File, Format Version 12.00
# Visual Studio Version 17
VisualStudioVersion = 17.8.34408.163
MinimumVisualStudioVersion = 10.0.40219.1
Project("{FAE04EC0-301F-11D3-BF4B-00C04F79EFBC}") = "GitFun", "GitFun.csproj", "{A61B6262-15F4-4059-BA8C-A4E26AC7F2E4}"
EndProject
Global
	GlobalSection(SolutionConfigurationPlatforms) = preSolution
		Debug|Any CPU = Debug|Any CPU
		Release|Any CPU = Release|Any CPU
	EndGlobalSection
	GlobalSection(ProjectConfigurationPlatforms) = postSolution
		{A61B6262-15F4-4059-BA8C-A4E26AC7F2E4}.Debug|Any CPU.ActiveCfg = Debug|Any CPU
		{A61B6262-15F4-4059-BA8C-A4E26AC7F2E4}.Debug|Any CPU.Build.0 = Debug|Any CPU
		{A61B6262-15F4-4059-BA8C-A4E26AC7F2E4}.Release|Any CPU.ActiveCfg = Release|Any CPU
		{A61B6262-15F4-4059-BA8C-A4E26AC7F2E4}.Release|Any CPU.Build.0 = Release|Any CPU
	EndGlobalSection
	GlobalSection(SolutionProperties) = preSolution
		HideSolutionNode = FALSE
	EndGlobalSection
	GlobalSection(ExtensibilityGlobals) = postSolution
		SolutionGuid = {7B6786B4-B721-4B47-A738-96EE1B7F9E2A}
	EndGlobalSection
EndGlobal
